// !$*UTF8*$!
{
	archiveVersion = 1;
	classes = {
	};
	objectVersion = 55;
	objects = {

/* Begin PBXBuildFile section */
		CB02C860281301E800DE1C11 /* AnimalListItemView.swift in Sources */ = {isa = PBXBuildFile; fileRef = CB02C85F281301E800DE1C11 /* AnimalListItemView.swift */; };
		CB02C862281303AC00DE1C11 /* AnimalModel.swift in Sources */ = {isa = PBXBuildFile; fileRef = CB02C861281303AC00DE1C11 /* AnimalModel.swift */; };
		CB11C1422812B03800CA0B2B /* AfricaApp.swift in Sources */ = {isa = PBXBuildFile; fileRef = CB11C1412812B03800CA0B2B /* AfricaApp.swift */; };
		CB11C1442812B03800CA0B2B /* ContentView.swift in Sources */ = {isa = PBXBuildFile; fileRef = CB11C1432812B03800CA0B2B /* ContentView.swift */; };
		CB11C1462812B03900CA0B2B /* Assets.xcassets in Resources */ = {isa = PBXBuildFile; fileRef = CB11C1452812B03900CA0B2B /* Assets.xcassets */; };
		CB11C1492812B03900CA0B2B /* Preview Assets.xcassets in Resources */ = {isa = PBXBuildFile; fileRef = CB11C1482812B03900CA0B2B /* Preview Assets.xcassets */; };
		CB11C15F2812B99300CA0B2B /* locations.json in Resources */ = {isa = PBXBuildFile; fileRef = CB11C15B2812B99300CA0B2B /* locations.json */; };
		CB11C1602812B99300CA0B2B /* animals.json in Resources */ = {isa = PBXBuildFile; fileRef = CB11C15C2812B99300CA0B2B /* animals.json */; };
		CB11C1612812B99300CA0B2B /* videos.json in Resources */ = {isa = PBXBuildFile; fileRef = CB11C15D2812B99300CA0B2B /* videos.json */; };
		CB11C1622812B99300CA0B2B /* covers.json in Resources */ = {isa = PBXBuildFile; fileRef = CB11C15E2812B99300CA0B2B /* covers.json */; };
		CB11C1662812BC5300CA0B2B /* VideoListView.swift in Sources */ = {isa = PBXBuildFile; fileRef = CB11C1652812BC5300CA0B2B /* VideoListView.swift */; };
		CB11C1682812BC6400CA0B2B /* MapView.swift in Sources */ = {isa = PBXBuildFile; fileRef = CB11C1672812BC6400CA0B2B /* MapView.swift */; };
		CB11C16A2812BC7900CA0B2B /* GalleryView.swift in Sources */ = {isa = PBXBuildFile; fileRef = CB11C1692812BC7900CA0B2B /* GalleryView.swift */; };
		CB11C16C2812BC8800CA0B2B /* MainView.swift in Sources */ = {isa = PBXBuildFile; fileRef = CB11C16B2812BC8800CA0B2B /* MainView.swift */; };
		CB11C1702812BE5B00CA0B2B /* CoverImageView.swift in Sources */ = {isa = PBXBuildFile; fileRef = CB11C16F2812BE5B00CA0B2B /* CoverImageView.swift */; };
		CB11C1732812C05100CA0B2B /* CoverImageModel.swift in Sources */ = {isa = PBXBuildFile; fileRef = CB11C1722812C05100CA0B2B /* CoverImageModel.swift */; };
		CB11C1762812C13A00CA0B2B /* CodableBundleExtention.swift in Sources */ = {isa = PBXBuildFile; fileRef = CB11C1752812C13A00CA0B2B /* CodableBundleExtention.swift */; };
		CB140555281686B000B89076 /* VideoPlayerView.swift in Sources */ = {isa = PBXBuildFile; fileRef = CB140554281686B000B89076 /* VideoPlayerView.swift */; };
		CB1405602816899E00B89076 /* gorilla.mp4 in Resources */ = {isa = PBXBuildFile; fileRef = CB1405562816899D00B89076 /* gorilla.mp4 */; };
		CB1405612816899E00B89076 /* lion.mp4 in Resources */ = {isa = PBXBuildFile; fileRef = CB1405572816899D00B89076 /* lion.mp4 */; };
		CB1405622816899E00B89076 /* cheetah.mp4 in Resources */ = {isa = PBXBuildFile; fileRef = CB1405582816899D00B89076 /* cheetah.mp4 */; };
		CB1405632816899E00B89076 /* hippo.mp4 in Resources */ = {isa = PBXBuildFile; fileRef = CB1405592816899D00B89076 /* hippo.mp4 */; };
		CB1405642816899E00B89076 /* elephant.mp4 in Resources */ = {isa = PBXBuildFile; fileRef = CB14055A2816899D00B89076 /* elephant.mp4 */; };
		CB1405652816899E00B89076 /* lioness.mp4 in Resources */ = {isa = PBXBuildFile; fileRef = CB14055B2816899D00B89076 /* lioness.mp4 */; };
		CB1405662816899E00B89076 /* ostrich.mp4 in Resources */ = {isa = PBXBuildFile; fileRef = CB14055C2816899D00B89076 /* ostrich.mp4 */; };
		CB1405672816899E00B89076 /* rhino.mp4 in Resources */ = {isa = PBXBuildFile; fileRef = CB14055D2816899D00B89076 /* rhino.mp4 */; };
		CB1405682816899E00B89076 /* giraffe.mp4 in Resources */ = {isa = PBXBuildFile; fileRef = CB14055E2816899E00B89076 /* giraffe.mp4 */; };
		CB1405692816899E00B89076 /* zebra.mp4 in Resources */ = {isa = PBXBuildFile; fileRef = CB14055F2816899E00B89076 /* zebra.mp4 */; };
		CB14056C28168A6200B89076 /* VideoPlayerHelper.swift in Sources */ = {isa = PBXBuildFile; fileRef = CB14056B28168A6200B89076 /* VideoPlayerHelper.swift */; };
		CB3C1C9D2813D3D10060E31B /* AnimalDetailView.swift in Sources */ = {isa = PBXBuildFile; fileRef = CB3C1C9C2813D3D10060E31B /* AnimalDetailView.swift */; };
		CB3C1C9F2813D71F0060E31B /* HeadingView.swift in Sources */ = {isa = PBXBuildFile; fileRef = CB3C1C9E2813D71F0060E31B /* HeadingView.swift */; };
		CB3C1CA12813D96D0060E31B /* InsetGalleryView.swift in Sources */ = {isa = PBXBuildFile; fileRef = CB3C1CA02813D96D0060E31B /* InsetGalleryView.swift */; };
		CB3C1CA32813E3F60060E31B /* InsetFactView.swift in Sources */ = {isa = PBXBuildFile; fileRef = CB3C1CA22813E3F60060E31B /* InsetFactView.swift */; };
		CB4B05C02816BB05000270BA /* MotionAnimationView.swift in Sources */ = {isa = PBXBuildFile; fileRef = CB4B05BF2816BB05000270BA /* MotionAnimationView.swift */; };
		CB594A982816953F0012535C /* LocationModel.swift in Sources */ = {isa = PBXBuildFile; fileRef = CB594A972816953F0012535C /* LocationModel.swift */; };
		CB594A9A28169C200012535C /* MapAnnotationView.swift in Sources */ = {isa = PBXBuildFile; fileRef = CB594A9928169C200012535C /* MapAnnotationView.swift */; };
		CBEA4B452813FBA4009048DB /* InsentMapView.swift in Sources */ = {isa = PBXBuildFile; fileRef = CBEA4B442813FBA4009048DB /* InsentMapView.swift */; };
		CBEA4B47281403B8009048DB /* ExternalWebLinkView.swift in Sources */ = {isa = PBXBuildFile; fileRef = CBEA4B46281403B8009048DB /* ExternalWebLinkView.swift */; };
		CBEA4B49281407D2009048DB /* VideoModel.swift in Sources */ = {isa = PBXBuildFile; fileRef = CBEA4B48281407D2009048DB /* VideoModel.swift */; };
		CBEA4B4B2814083E009048DB /* VideoListItemView.swift in Sources */ = {isa = PBXBuildFile; fileRef = CBEA4B4A2814083E009048DB /* VideoListItemView.swift */; };
/* End PBXBuildFile section */

/* Begin PBXFileReference section */
		CB02C85F281301E800DE1C11 /* AnimalListItemView.swift */ = {isa = PBXFileReference; lastKnownFileType = sourcecode.swift; path = AnimalListItemView.swift; sourceTree = "<group>"; };
		CB02C861281303AC00DE1C11 /* AnimalModel.swift */ = {isa = PBXFileReference; lastKnownFileType = sourcecode.swift; path = AnimalModel.swift; sourceTree = "<group>"; };
		CB11C13E2812B03700CA0B2B /* Africa.app */ = {isa = PBXFileReference; explicitFileType = wrapper.application; includeInIndex = 0; path = Africa.app; sourceTree = BUILT_PRODUCTS_DIR; };
		CB11C1412812B03800CA0B2B /* AfricaApp.swift */ = {isa = PBXFileReference; lastKnownFileType = sourcecode.swift; path = AfricaApp.swift; sourceTree = "<group>"; };
		CB11C1432812B03800CA0B2B /* ContentView.swift */ = {isa = PBXFileReference; lastKnownFileType = sourcecode.swift; path = ContentView.swift; sourceTree = "<group>"; };
		CB11C1452812B03900CA0B2B /* Assets.xcassets */ = {isa = PBXFileReference; lastKnownFileType = folder.assetcatalog; path = Assets.xcassets; sourceTree = "<group>"; };
		CB11C1482812B03900CA0B2B /* Preview Assets.xcassets */ = {isa = PBXFileReference; lastKnownFileType = folder.assetcatalog; path = "Preview Assets.xcassets"; sourceTree = "<group>"; };
		CB11C1502812B92700CA0B2B /* gorilla.mp4 */ = {isa = PBXFileReference; lastKnownFileType = file; path = gorilla.mp4; sourceTree = "<group>"; };
		CB11C1512812B92700CA0B2B /* rhino.mp4 */ = {isa = PBXFileReference; lastKnownFileType = file; path = rhino.mp4; sourceTree = "<group>"; };
		CB11C1522812B92700CA0B2B /* cheetah.mp4 */ = {isa = PBXFileReference; lastKnownFileType = file; path = cheetah.mp4; sourceTree = "<group>"; };
		CB11C1532812B92700CA0B2B /* lioness.mp4 */ = {isa = PBXFileReference; lastKnownFileType = file; path = lioness.mp4; sourceTree = "<group>"; };
		CB11C1542812B92800CA0B2B /* zebra.mp4 */ = {isa = PBXFileReference; lastKnownFileType = file; path = zebra.mp4; sourceTree = "<group>"; };
		CB11C1552812B92800CA0B2B /* elephant.mp4 */ = {isa = PBXFileReference; lastKnownFileType = file; path = elephant.mp4; sourceTree = "<group>"; };
		CB11C1562812B92800CA0B2B /* hippo.mp4 */ = {isa = PBXFileReference; lastKnownFileType = file; path = hippo.mp4; sourceTree = "<group>"; };
		CB11C1572812B92800CA0B2B /* giraffe.mp4 */ = {isa = PBXFileReference; lastKnownFileType = file; path = giraffe.mp4; sourceTree = "<group>"; };
		CB11C1582812B92900CA0B2B /* ostrich.mp4 */ = {isa = PBXFileReference; lastKnownFileType = file; path = ostrich.mp4; sourceTree = "<group>"; };
		CB11C1592812B92900CA0B2B /* lion.mp4 */ = {isa = PBXFileReference; lastKnownFileType = file; path = lion.mp4; sourceTree = "<group>"; };
		CB11C15B2812B99300CA0B2B /* locations.json */ = {isa = PBXFileReference; fileEncoding = 4; lastKnownFileType = text.json; path = locations.json; sourceTree = "<group>"; };
		CB11C15C2812B99300CA0B2B /* animals.json */ = {isa = PBXFileReference; fileEncoding = 4; lastKnownFileType = text.json; path = animals.json; sourceTree = "<group>"; };
		CB11C15D2812B99300CA0B2B /* videos.json */ = {isa = PBXFileReference; fileEncoding = 4; lastKnownFileType = text.json; path = videos.json; sourceTree = "<group>"; };
		CB11C15E2812B99300CA0B2B /* covers.json */ = {isa = PBXFileReference; fileEncoding = 4; lastKnownFileType = text.json; path = covers.json; sourceTree = "<group>"; };
		CB11C1632812BA6600CA0B2B /* Info.plist */ = {isa = PBXFileReference; lastKnownFileType = text.plist.xml; path = Info.plist; sourceTree = "<group>"; };
		CB11C1652812BC5300CA0B2B /* VideoListView.swift */ = {isa = PBXFileReference; lastKnownFileType = sourcecode.swift; path = VideoListView.swift; sourceTree = "<group>"; };
		CB11C1672812BC6400CA0B2B /* MapView.swift */ = {isa = PBXFileReference; lastKnownFileType = sourcecode.swift; path = MapView.swift; sourceTree = "<group>"; };
		CB11C1692812BC7900CA0B2B /* GalleryView.swift */ = {isa = PBXFileReference; lastKnownFileType = sourcecode.swift; path = GalleryView.swift; sourceTree = "<group>"; };
		CB11C16B2812BC8800CA0B2B /* MainView.swift */ = {isa = PBXFileReference; lastKnownFileType = sourcecode.swift; path = MainView.swift; sourceTree = "<group>"; };
		CB11C16F2812BE5B00CA0B2B /* CoverImageView.swift */ = {isa = PBXFileReference; lastKnownFileType = sourcecode.swift; path = CoverImageView.swift; sourceTree = "<group>"; };
		CB11C1722812C05100CA0B2B /* CoverImageModel.swift */ = {isa = PBXFileReference; lastKnownFileType = sourcecode.swift; path = CoverImageModel.swift; sourceTree = "<group>"; };
		CB11C1752812C13A00CA0B2B /* CodableBundleExtention.swift */ = {isa = PBXFileReference; lastKnownFileType = sourcecode.swift; path = CodableBundleExtention.swift; sourceTree = "<group>"; };
		CB140554281686B000B89076 /* VideoPlayerView.swift */ = {isa = PBXFileReference; lastKnownFileType = sourcecode.swift; path = VideoPlayerView.swift; sourceTree = "<group>"; };
		CB1405562816899D00B89076 /* gorilla.mp4 */ = {isa = PBXFileReference; lastKnownFileType = file; path = gorilla.mp4; sourceTree = "<group>"; };
		CB1405572816899D00B89076 /* lion.mp4 */ = {isa = PBXFileReference; lastKnownFileType = file; path = lion.mp4; sourceTree = "<group>"; };
		CB1405582816899D00B89076 /* cheetah.mp4 */ = {isa = PBXFileReference; lastKnownFileType = file; path = cheetah.mp4; sourceTree = "<group>"; };
		CB1405592816899D00B89076 /* hippo.mp4 */ = {isa = PBXFileReference; lastKnownFileType = file; path = hippo.mp4; sourceTree = "<group>"; };
		CB14055A2816899D00B89076 /* elephant.mp4 */ = {isa = PBXFileReference; lastKnownFileType = file; path = elephant.mp4; sourceTree = "<group>"; };
		CB14055B2816899D00B89076 /* lioness.mp4 */ = {isa = PBXFileReference; lastKnownFileType = file; path = lioness.mp4; sourceTree = "<group>"; };
		CB14055C2816899D00B89076 /* ostrich.mp4 */ = {isa = PBXFileReference; lastKnownFileType = file; path = ostrich.mp4; sourceTree = "<group>"; };
		CB14055D2816899D00B89076 /* rhino.mp4 */ = {isa = PBXFileReference; lastKnownFileType = file; path = rhino.mp4; sourceTree = "<group>"; };
		CB14055E2816899E00B89076 /* giraffe.mp4 */ = {isa = PBXFileReference; lastKnownFileType = file; path = giraffe.mp4; sourceTree = "<group>"; };
		CB14055F2816899E00B89076 /* zebra.mp4 */ = {isa = PBXFileReference; lastKnownFileType = file; path = zebra.mp4; sourceTree = "<group>"; };
		CB14056B28168A6200B89076 /* VideoPlayerHelper.swift */ = {isa = PBXFileReference; lastKnownFileType = sourcecode.swift; path = VideoPlayerHelper.swift; sourceTree = "<group>"; };
		CB3C1C9C2813D3D10060E31B /* AnimalDetailView.swift */ = {isa = PBXFileReference; lastKnownFileType = sourcecode.swift; path = AnimalDetailView.swift; sourceTree = "<group>"; };
		CB3C1C9E2813D71F0060E31B /* HeadingView.swift */ = {isa = PBXFileReference; lastKnownFileType = sourcecode.swift; path = HeadingView.swift; sourceTree = "<group>"; };
		CB3C1CA02813D96D0060E31B /* InsetGalleryView.swift */ = {isa = PBXFileReference; lastKnownFileType = sourcecode.swift; path = InsetGalleryView.swift; sourceTree = "<group>"; };
		CB3C1CA22813E3F60060E31B /* InsetFactView.swift */ = {isa = PBXFileReference; lastKnownFileType = sourcecode.swift; path = InsetFactView.swift; sourceTree = "<group>"; };
		CB4B05BF2816BB05000270BA /* MotionAnimationView.swift */ = {isa = PBXFileReference; lastKnownFileType = sourcecode.swift; path = MotionAnimationView.swift; sourceTree = "<group>"; };
		CB594A972816953F0012535C /* LocationModel.swift */ = {isa = PBXFileReference; lastKnownFileType = sourcecode.swift; path = LocationModel.swift; sourceTree = "<group>"; };
		CB594A9928169C200012535C /* MapAnnotationView.swift */ = {isa = PBXFileReference; lastKnownFileType = sourcecode.swift; path = MapAnnotationView.swift; sourceTree = "<group>"; };
		CBEA4B442813FBA4009048DB /* InsentMapView.swift */ = {isa = PBXFileReference; lastKnownFileType = sourcecode.swift; path = InsentMapView.swift; sourceTree = "<group>"; };
		CBEA4B46281403B8009048DB /* ExternalWebLinkView.swift */ = {isa = PBXFileReference; lastKnownFileType = sourcecode.swift; path = ExternalWebLinkView.swift; sourceTree = "<group>"; };
		CBEA4B48281407D2009048DB /* VideoModel.swift */ = {isa = PBXFileReference; lastKnownFileType = sourcecode.swift; path = VideoModel.swift; sourceTree = "<group>"; };
		CBEA4B4A2814083E009048DB /* VideoListItemView.swift */ = {isa = PBXFileReference; lastKnownFileType = sourcecode.swift; path = VideoListItemView.swift; sourceTree = "<group>"; };
/* End PBXFileReference section */

/* Begin PBXFrameworksBuildPhase section */
		CB11C13B2812B03700CA0B2B /* Frameworks */ = {
			isa = PBXFrameworksBuildPhase;
			buildActionMask = 2147483647;
			files = (
			);
			runOnlyForDeploymentPostprocessing = 0;
		};
/* End PBXFrameworksBuildPhase section */

/* Begin PBXGroup section */
		CB11C1352812B03700CA0B2B = {
			isa = PBXGroup;
			children = (
				CB11C1402812B03800CA0B2B /* Africa */,
				CB11C13F2812B03700CA0B2B /* Products */,
			);
			sourceTree = "<group>";
		};
		CB11C13F2812B03700CA0B2B /* Products */ = {
			isa = PBXGroup;
			children = (
				CB11C13E2812B03700CA0B2B /* Africa.app */,
			);
			name = Products;
			sourceTree = "<group>";
		};
		CB11C1402812B03800CA0B2B /* Africa */ = {
			isa = PBXGroup;
			children = (
				CB11C1642812BC1B00CA0B2B /* App */,
				CB14056A28168A4600B89076 /* Helper */,
				CB11C1712812C03A00CA0B2B /* Model */,
				CB11C16E2812BE4000CA0B2B /* VIew */,
				CB11C14F2812B90800CA0B2B /* Video */,
				CB11C1742812C12200CA0B2B /* Extention */,
				CB11C15A2812B95700CA0B2B /* Data */,
				CB11C1452812B03900CA0B2B /* Assets.xcassets */,
				CB11C1632812BA6600CA0B2B /* Info.plist */,
				CB11C1472812B03900CA0B2B /* Preview Content */,
			);
			path = Africa;
			sourceTree = "<group>";
		};
		CB11C1472812B03900CA0B2B /* Preview Content */ = {
			isa = PBXGroup;
			children = (
				CB11C1482812B03900CA0B2B /* Preview Assets.xcassets */,
			);
			path = "Preview Content";
			sourceTree = "<group>";
		};
		CB11C14F2812B90800CA0B2B /* Video */ = {
			isa = PBXGroup;
			children = (
				CB1405582816899D00B89076 /* cheetah.mp4 */,
				CB14055A2816899D00B89076 /* elephant.mp4 */,
				CB14055E2816899E00B89076 /* giraffe.mp4 */,
				CB1405562816899D00B89076 /* gorilla.mp4 */,
				CB1405592816899D00B89076 /* hippo.mp4 */,
				CB1405572816899D00B89076 /* lion.mp4 */,
				CB14055B2816899D00B89076 /* lioness.mp4 */,
				CB14055C2816899D00B89076 /* ostrich.mp4 */,
				CB14055D2816899D00B89076 /* rhino.mp4 */,
				CB14055F2816899E00B89076 /* zebra.mp4 */,
				CB11C1522812B92700CA0B2B /* cheetah.mp4 */,
				CB11C1552812B92800CA0B2B /* elephant.mp4 */,
				CB11C1572812B92800CA0B2B /* giraffe.mp4 */,
				CB11C1502812B92700CA0B2B /* gorilla.mp4 */,
				CB11C1562812B92800CA0B2B /* hippo.mp4 */,
				CB11C1592812B92900CA0B2B /* lion.mp4 */,
				CB11C1532812B92700CA0B2B /* lioness.mp4 */,
				CB11C1582812B92900CA0B2B /* ostrich.mp4 */,
				CB11C1512812B92700CA0B2B /* rhino.mp4 */,
				CB11C1542812B92800CA0B2B /* zebra.mp4 */,
			);
			path = Video;
			sourceTree = "<group>";
		};
		CB11C15A2812B95700CA0B2B /* Data */ = {
			isa = PBXGroup;
			children = (
				CB11C15C2812B99300CA0B2B /* animals.json */,
				CB11C15E2812B99300CA0B2B /* covers.json */,
				CB11C15B2812B99300CA0B2B /* locations.json */,
				CB11C15D2812B99300CA0B2B /* videos.json */,
			);
			path = Data;
			sourceTree = "<group>";
		};
		CB11C1642812BC1B00CA0B2B /* App */ = {
			isa = PBXGroup;
			children = (
				CB11C1412812B03800CA0B2B /* AfricaApp.swift */,
				CB11C1432812B03800CA0B2B /* ContentView.swift */,
				CB11C1652812BC5300CA0B2B /* VideoListView.swift */,
				CB11C1692812BC7900CA0B2B /* GalleryView.swift */,
				CB11C1672812BC6400CA0B2B /* MapView.swift */,
				CB11C16B2812BC8800CA0B2B /* MainView.swift */,
			);
			path = App;
			sourceTree = "<group>";
		};
		CB11C16E2812BE4000CA0B2B /* VIew */ = {
			isa = PBXGroup;
			children = (
				CB11C16F2812BE5B00CA0B2B /* CoverImageView.swift */,
				CB4B05BF2816BB05000270BA /* MotionAnimationView.swift */,
				CB594A9928169C200012535C /* MapAnnotationView.swift */,
				CB3C1CA02813D96D0060E31B /* InsetGalleryView.swift */,
				CB3C1C9C2813D3D10060E31B /* AnimalDetailView.swift */,
				CB02C85F281301E800DE1C11 /* AnimalListItemView.swift */,
				CB3C1C9E2813D71F0060E31B /* HeadingView.swift */,
				CB3C1CA22813E3F60060E31B /* InsetFactView.swift */,
				CBEA4B442813FBA4009048DB /* InsentMapView.swift */,
				CBEA4B46281403B8009048DB /* ExternalWebLinkView.swift */,
				CBEA4B4A2814083E009048DB /* VideoListItemView.swift */,
				CB140554281686B000B89076 /* VideoPlayerView.swift */,
			);
			path = VIew;
			sourceTree = "<group>";
		};
		CB11C1712812C03A00CA0B2B /* Model */ = {
			isa = PBXGroup;
			children = (
				CB11C1722812C05100CA0B2B /* CoverImageModel.swift */,
				CB02C861281303AC00DE1C11 /* AnimalModel.swift */,
				CBEA4B48281407D2009048DB /* VideoModel.swift */,
				CB594A972816953F0012535C /* LocationModel.swift */,
			);
			path = Model;
			sourceTree = "<group>";
		};
		CB11C1742812C12200CA0B2B /* Extention */ = {
			isa = PBXGroup;
			children = (
				CB11C1752812C13A00CA0B2B /* CodableBundleExtention.swift */,
			);
			path = Extention;
			sourceTree = "<group>";
		};
		CB14056A28168A4600B89076 /* Helper */ = {
			isa = PBXGroup;
			children = (
				CB14056B28168A6200B89076 /* VideoPlayerHelper.swift */,
			);
			path = Helper;
			sourceTree = "<group>";
		};
/* End PBXGroup section */

/* Begin PBXNativeTarget section */
		CB11C13D2812B03700CA0B2B /* Africa */ = {
			isa = PBXNativeTarget;
			buildConfigurationList = CB11C14C2812B03900CA0B2B /* Build configuration list for PBXNativeTarget "Africa" */;
			buildPhases = (
				CB11C13A2812B03700CA0B2B /* Sources */,
				CB11C13B2812B03700CA0B2B /* Frameworks */,
				CB11C13C2812B03700CA0B2B /* Resources */,
			);
			buildRules = (
			);
			dependencies = (
			);
			name = Africa;
			productName = Africa;
			productReference = CB11C13E2812B03700CA0B2B /* Africa.app */;
			productType = "com.apple.product-type.application";
		};
/* End PBXNativeTarget section */

/* Begin PBXProject section */
		CB11C1362812B03700CA0B2B /* Project object */ = {
			isa = PBXProject;
			attributes = {
				BuildIndependentTargetsInParallel = 1;
				LastSwiftUpdateCheck = 1310;
				LastUpgradeCheck = 1310;
				TargetAttributes = {
					CB11C13D2812B03700CA0B2B = {
						CreatedOnToolsVersion = 13.1;
					};
				};
			};
			buildConfigurationList = CB11C1392812B03700CA0B2B /* Build configuration list for PBXProject "Africa" */;
			compatibilityVersion = "Xcode 13.0";
			developmentRegion = en;
			hasScannedForEncodings = 0;
			knownRegions = (
				en,
				Base,
			);
			mainGroup = CB11C1352812B03700CA0B2B;
			productRefGroup = CB11C13F2812B03700CA0B2B /* Products */;
			projectDirPath = "";
			projectRoot = "";
			targets = (
				CB11C13D2812B03700CA0B2B /* Africa */,
			);
		};
/* End PBXProject section */

/* Begin PBXResourcesBuildPhase section */
		CB11C13C2812B03700CA0B2B /* Resources */ = {
			isa = PBXResourcesBuildPhase;
			buildActionMask = 2147483647;
			files = (
				CB1405632816899E00B89076 /* hippo.mp4 in Resources */,
				CB11C1492812B03900CA0B2B /* Preview Assets.xcassets in Resources */,
				CB1405612816899E00B89076 /* lion.mp4 in Resources */,
				CB11C1622812B99300CA0B2B /* covers.json in Resources */,
				CB1405672816899E00B89076 /* rhino.mp4 in Resources */,
				CB11C1602812B99300CA0B2B /* animals.json in Resources */,
				CB1405602816899E00B89076 /* gorilla.mp4 in Resources */,
				CB1405662816899E00B89076 /* ostrich.mp4 in Resources */,
				CB11C1612812B99300CA0B2B /* videos.json in Resources */,
				CB11C15F2812B99300CA0B2B /* locations.json in Resources */,
				CB11C1462812B03900CA0B2B /* Assets.xcassets in Resources */,
				CB1405622816899E00B89076 /* cheetah.mp4 in Resources */,
				CB1405692816899E00B89076 /* zebra.mp4 in Resources */,
				CB1405642816899E00B89076 /* elephant.mp4 in Resources */,
				CB1405652816899E00B89076 /* lioness.mp4 in Resources */,
				CB1405682816899E00B89076 /* giraffe.mp4 in Resources */,
			);
			runOnlyForDeploymentPostprocessing = 0;
		};
/* End PBXResourcesBuildPhase section */

/* Begin PBXSourcesBuildPhase section */
		CB11C13A2812B03700CA0B2B /* Sources */ = {
			isa = PBXSourcesBuildPhase;
			buildActionMask = 2147483647;
			files = (
				CB11C1442812B03800CA0B2B /* ContentView.swift in Sources */,
				CB02C860281301E800DE1C11 /* AnimalListItemView.swift in Sources */,
				CB11C16C2812BC8800CA0B2B /* MainView.swift in Sources */,
				CB3C1CA32813E3F60060E31B /* InsetFactView.swift in Sources */,
				CB11C1702812BE5B00CA0B2B /* CoverImageView.swift in Sources */,
				CB11C1732812C05100CA0B2B /* CoverImageModel.swift in Sources */,
				CB3C1C9D2813D3D10060E31B /* AnimalDetailView.swift in Sources */,
				CB02C862281303AC00DE1C11 /* AnimalModel.swift in Sources */,
				CBEA4B452813FBA4009048DB /* InsentMapView.swift in Sources */,
				CB11C1682812BC6400CA0B2B /* MapView.swift in Sources */,
				CB14056C28168A6200B89076 /* VideoPlayerHelper.swift in Sources */,
				CB11C1762812C13A00CA0B2B /* CodableBundleExtention.swift in Sources */,
				CBEA4B47281403B8009048DB /* ExternalWebLinkView.swift in Sources */,
				CB594A9A28169C200012535C /* MapAnnotationView.swift in Sources */,
				CB11C1422812B03800CA0B2B /* AfricaApp.swift in Sources */,
				CBEA4B49281407D2009048DB /* VideoModel.swift in Sources */,
				CB11C1662812BC5300CA0B2B /* VideoListView.swift in Sources */,
				CB594A982816953F0012535C /* LocationModel.swift in Sources */,
				CB3C1CA12813D96D0060E31B /* InsetGalleryView.swift in Sources */,
				CBEA4B4B2814083E009048DB /* VideoListItemView.swift in Sources */,
				CB11C16A2812BC7900CA0B2B /* GalleryView.swift in Sources */,
				CB4B05C02816BB05000270BA /* MotionAnimationView.swift in Sources */,
				CB3C1C9F2813D71F0060E31B /* HeadingView.swift in Sources */,
				CB140555281686B000B89076 /* VideoPlayerView.swift in Sources */,
			);
			runOnlyForDeploymentPostprocessing = 0;
		};
/* End PBXSourcesBuildPhase section */

/* Begin XCBuildConfiguration section */
		CB11C14A2812B03900CA0B2B /* Debug */ = {
			isa = XCBuildConfiguration;
			buildSettings = {
				ALWAYS_SEARCH_USER_PATHS = NO;
				CLANG_ANALYZER_NONNULL = YES;
				CLANG_ANALYZER_NUMBER_OBJECT_CONVERSION = YES_AGGRESSIVE;
				CLANG_CXX_LANGUAGE_STANDARD = "gnu++17";
				CLANG_CXX_LIBRARY = "libc++";
				CLANG_ENABLE_MODULES = YES;
				CLANG_ENABLE_OBJC_ARC = YES;
				CLANG_ENABLE_OBJC_WEAK = YES;
				CLANG_WARN_BLOCK_CAPTURE_AUTORELEASING = YES;
				CLANG_WARN_BOOL_CONVERSION = YES;
				CLANG_WARN_COMMA = YES;
				CLANG_WARN_CONSTANT_CONVERSION = YES;
				CLANG_WARN_DEPRECATED_OBJC_IMPLEMENTATIONS = YES;
				CLANG_WARN_DIRECT_OBJC_ISA_USAGE = YES_ERROR;
				CLANG_WARN_DOCUMENTATION_COMMENTS = YES;
				CLANG_WARN_EMPTY_BODY = YES;
				CLANG_WARN_ENUM_CONVERSION = YES;
				CLANG_WARN_INFINITE_RECURSION = YES;
				CLANG_WARN_INT_CONVERSION = YES;
				CLANG_WARN_NON_LITERAL_NULL_CONVERSION = YES;
				CLANG_WARN_OBJC_IMPLICIT_RETAIN_SELF = YES;
				CLANG_WARN_OBJC_LITERAL_CONVERSION = YES;
				CLANG_WARN_OBJC_ROOT_CLASS = YES_ERROR;
				CLANG_WARN_QUOTED_INCLUDE_IN_FRAMEWORK_HEADER = YES;
				CLANG_WARN_RANGE_LOOP_ANALYSIS = YES;
				CLANG_WARN_STRICT_PROTOTYPES = YES;
				CLANG_WARN_SUSPICIOUS_MOVE = YES;
				CLANG_WARN_UNGUARDED_AVAILABILITY = YES_AGGRESSIVE;
				CLANG_WARN_UNREACHABLE_CODE = YES;
				CLANG_WARN__DUPLICATE_METHOD_MATCH = YES;
				COPY_PHASE_STRIP = NO;
				DEBUG_INFORMATION_FORMAT = dwarf;
				ENABLE_STRICT_OBJC_MSGSEND = YES;
				ENABLE_TESTABILITY = YES;
				GCC_C_LANGUAGE_STANDARD = gnu11;
				GCC_DYNAMIC_NO_PIC = NO;
				GCC_NO_COMMON_BLOCKS = YES;
				GCC_OPTIMIZATION_LEVEL = 0;
				GCC_PREPROCESSOR_DEFINITIONS = (
					"DEBUG=1",
					"$(inherited)",
				);
				GCC_WARN_64_TO_32_BIT_CONVERSION = YES;
				GCC_WARN_ABOUT_RETURN_TYPE = YES_ERROR;
				GCC_WARN_UNDECLARED_SELECTOR = YES;
				GCC_WARN_UNINITIALIZED_AUTOS = YES_AGGRESSIVE;
				GCC_WARN_UNUSED_FUNCTION = YES;
				GCC_WARN_UNUSED_VARIABLE = YES;
				IPHONEOS_DEPLOYMENT_TARGET = 15.0;
				MTL_ENABLE_DEBUG_INFO = INCLUDE_SOURCE;
				MTL_FAST_MATH = YES;
				ONLY_ACTIVE_ARCH = YES;
				SDKROOT = iphoneos;
				SWIFT_ACTIVE_COMPILATION_CONDITIONS = DEBUG;
				SWIFT_OPTIMIZATION_LEVEL = "-Onone";
			};
			name = Debug;
		};
		CB11C14B2812B03900CA0B2B /* Release */ = {
			isa = XCBuildConfiguration;
			buildSettings = {
				ALWAYS_SEARCH_USER_PATHS = NO;
				CLANG_ANALYZER_NONNULL = YES;
				CLANG_ANALYZER_NUMBER_OBJECT_CONVERSION = YES_AGGRESSIVE;
				CLANG_CXX_LANGUAGE_STANDARD = "gnu++17";
				CLANG_CXX_LIBRARY = "libc++";
				CLANG_ENABLE_MODULES = YES;
				CLANG_ENABLE_OBJC_ARC = YES;
				CLANG_ENABLE_OBJC_WEAK = YES;
				CLANG_WARN_BLOCK_CAPTURE_AUTORELEASING = YES;
				CLANG_WARN_BOOL_CONVERSION = YES;
				CLANG_WARN_COMMA = YES;
				CLANG_WARN_CONSTANT_CONVERSION = YES;
				CLANG_WARN_DEPRECATED_OBJC_IMPLEMENTATIONS = YES;
				CLANG_WARN_DIRECT_OBJC_ISA_USAGE = YES_ERROR;
				CLANG_WARN_DOCUMENTATION_COMMENTS = YES;
				CLANG_WARN_EMPTY_BODY = YES;
				CLANG_WARN_ENUM_CONVERSION = YES;
				CLANG_WARN_INFINITE_RECURSION = YES;
				CLANG_WARN_INT_CONVERSION = YES;
				CLANG_WARN_NON_LITERAL_NULL_CONVERSION = YES;
				CLANG_WARN_OBJC_IMPLICIT_RETAIN_SELF = YES;
				CLANG_WARN_OBJC_LITERAL_CONVERSION = YES;
				CLANG_WARN_OBJC_ROOT_CLASS = YES_ERROR;
				CLANG_WARN_QUOTED_INCLUDE_IN_FRAMEWORK_HEADER = YES;
				CLANG_WARN_RANGE_LOOP_ANALYSIS = YES;
				CLANG_WARN_STRICT_PROTOTYPES = YES;
				CLANG_WARN_SUSPICIOUS_MOVE = YES;
				CLANG_WARN_UNGUARDED_AVAILABILITY = YES_AGGRESSIVE;
				CLANG_WARN_UNREACHABLE_CODE = YES;
				CLANG_WARN__DUPLICATE_METHOD_MATCH = YES;
				COPY_PHASE_STRIP = NO;
				DEBUG_INFORMATION_FORMAT = "dwarf-with-dsym";
				ENABLE_NS_ASSERTIONS = NO;
				ENABLE_STRICT_OBJC_MSGSEND = YES;
				GCC_C_LANGUAGE_STANDARD = gnu11;
				GCC_NO_COMMON_BLOCKS = YES;
				GCC_WARN_64_TO_32_BIT_CONVERSION = YES;
				GCC_WARN_ABOUT_RETURN_TYPE = YES_ERROR;
				GCC_WARN_UNDECLARED_SELECTOR = YES;
				GCC_WARN_UNINITIALIZED_AUTOS = YES_AGGRESSIVE;
				GCC_WARN_UNUSED_FUNCTION = YES;
				GCC_WARN_UNUSED_VARIABLE = YES;
				IPHONEOS_DEPLOYMENT_TARGET = 15.0;
				MTL_ENABLE_DEBUG_INFO = NO;
				MTL_FAST_MATH = YES;
				SDKROOT = iphoneos;
				SWIFT_COMPILATION_MODE = wholemodule;
				SWIFT_OPTIMIZATION_LEVEL = "-O";
				VALIDATE_PRODUCT = YES;
			};
			name = Release;
		};
		CB11C14D2812B03900CA0B2B /* Debug */ = {
			isa = XCBuildConfiguration;
			buildSettings = {
				ASSETCATALOG_COMPILER_APPICON_NAME = AppIcon;
				ASSETCATALOG_COMPILER_GLOBAL_ACCENT_COLOR_NAME = AccentColor;
				CODE_SIGN_STYLE = Automatic;
				CURRENT_PROJECT_VERSION = 1;
				DEVELOPMENT_ASSET_PATHS = "\"Africa/Preview Content\"";
				DEVELOPMENT_TEAM = S65N28FSD8;
				ENABLE_PREVIEWS = YES;
				GENERATE_INFOPLIST_FILE = YES;
				INFOPLIST_FILE = Africa/Info.plist;
				INFOPLIST_KEY_UIApplicationSceneManifest_Generation = YES;
				INFOPLIST_KEY_UIApplicationSupportsIndirectInputEvents = YES;
				INFOPLIST_KEY_UISupportedInterfaceOrientations_iPad = "UIInterfaceOrientationPortrait UIInterfaceOrientationPortraitUpsideDown UIInterfaceOrientationLandscapeLeft UIInterfaceOrientationLandscapeRight";
				INFOPLIST_KEY_UISupportedInterfaceOrientations_iPhone = "UIInterfaceOrientationPortrait UIInterfaceOrientationLandscapeLeft UIInterfaceOrientationLandscapeRight";
				INFOPLIST_KEY_UIUserInterfaceStyle = Dark;
				LD_RUNPATH_SEARCH_PATHS = (
					"$(inherited)",
					"@executable_path/Frameworks",
				);
				MARKETING_VERSION = 1.0;
				PRODUCT_BUNDLE_IDENTIFIER = com.yerkebulan.Africa;
				PRODUCT_NAME = "$(TARGET_NAME)";
				SWIFT_EMIT_LOC_STRINGS = YES;
				SWIFT_VERSION = 5.0;
				TARGETED_DEVICE_FAMILY = "1,2";
			};
			name = Debug;
		};
		CB11C14E2812B03900CA0B2B /* Release */ = {
			isa = XCBuildConfiguration;
			buildSettings = {
				ASSETCATALOG_COMPILER_APPICON_NAME = AppIcon;
				ASSETCATALOG_COMPILER_GLOBAL_ACCENT_COLOR_NAME = AccentColor;
				CODE_SIGN_STYLE = Automatic;
				CURRENT_PROJECT_VERSION = 1;
				DEVELOPMENT_ASSET_PATHS = "\"Africa/Preview Content\"";
				DEVELOPMENT_TEAM = S65N28FSD8;
				ENABLE_PREVIEWS = YES;
				GENERATE_INFOPLIST_FILE = YES;
				INFOPLIST_FILE = Africa/Info.plist;
				INFOPLIST_KEY_UIApplicationSceneManifest_Generation = YES;
				INFOPLIST_KEY_UIApplicationSupportsIndirectInputEvents = YES;
				INFOPLIST_KEY_UISupportedInterfaceOrientations_iPad = "UIInterfaceOrientationPortrait UIInterfaceOrientationPortraitUpsideDown UIInterfaceOrientationLandscapeLeft UIInterfaceOrientationLandscapeRight";
				INFOPLIST_KEY_UISupportedInterfaceOrientations_iPhone = "UIInterfaceOrientationPortrait UIInterfaceOrientationLandscapeLeft UIInterfaceOrientationLandscapeRight";
				INFOPLIST_KEY_UIUserInterfaceStyle = Dark;
				LD_RUNPATH_SEARCH_PATHS = (
					"$(inherited)",
					"@executable_path/Frameworks",
				);
				MARKETING_VERSION = 1.0;
				PRODUCT_BUNDLE_IDENTIFIER = com.yerkebulan.Africa;
				PRODUCT_NAME = "$(TARGET_NAME)";
				SWIFT_EMIT_LOC_STRINGS = YES;
				SWIFT_VERSION = 5.0;
				TARGETED_DEVICE_FAMILY = "1,2";
			};
			name = Release;
		};
/* End XCBuildConfiguration section */

/* Begin XCConfigurationList section */
		CB11C1392812B03700CA0B2B /* Build configuration list for PBXProject "Africa" */ = {
			isa = XCConfigurationList;
			buildConfigurations = (
				CB11C14A2812B03900CA0B2B /* Debug */,
				CB11C14B2812B03900CA0B2B /* Release */,
			);
			defaultConfigurationIsVisible = 0;
			defaultConfigurationName = Release;
		};
		CB11C14C2812B03900CA0B2B /* Build configuration list for PBXNativeTarget "Africa" */ = {
			isa = XCConfigurationList;
			buildConfigurations = (
				CB11C14D2812B03900CA0B2B /* Debug */,
				CB11C14E2812B03900CA0B2B /* Release */,
			);
			defaultConfigurationIsVisible = 0;
			defaultConfigurationName = Release;
		};
/* End XCConfigurationList section */
	};
	rootObject = CB11C1362812B03700CA0B2B /* Project object */;
}
